<?xml version="1.0" encoding="utf-8"?>
<Project ToolsVersion="4.0" xmlns="http://schemas.microsoft.com/developer/msbuild/2003">
  <ItemGroup>
    <Filter Include="Source Files">
      <UniqueIdentifier>{4FC737F1-C7A5-4376-A066-2A32D752A2FF}</UniqueIdentifier>
      <Extensions>cpp;c;cc;cxx;def;odl;idl;hpj;bat;asm;asmx</Extensions>
    </Filter>
    <Filter Include="Source Files\Application">
      <UniqueIdentifier>{3260fb0f-8ed7-4bcb-a507-dcbd768197c5}</UniqueIdentifier>
    </Filter>
    <Filter Include="Source Files\Modules">
      <UniqueIdentifier>{d16ab9db-9938-4f11-8105-beb05718b15a}</UniqueIdentifier>
    </Filter>
    <Filter Include="Source Files\Utils">
      <UniqueIdentifier>{f2908f2d-9354-4a4d-89bd-382e70ece47b}</UniqueIdentifier>
    </Filter>
    <Filter Include="Source Files\Entities">
      <UniqueIdentifier>{ab9009c6-e7a7-45bf-99f5-1902c61d79d5}</UniqueIdentifier>
    </Filter>
    <Filter Include="Source Files\Modules\Core">
      <UniqueIdentifier>{8de76073-aee3-49c1-abf8-ac73408bcbcc}</UniqueIdentifier>
    </Filter>
    <Filter Include="Source Files\Modules\Gameplay">
      <UniqueIdentifier>{25d307e8-c01f-47cf-a67c-44f768010c32}</UniqueIdentifier>
    </Filter>
    <Filter Include="Source Files\Entities\Enemies">
      <UniqueIdentifier>{c465321a-28ed-404a-aa97-e9d0c6f722ee}</UniqueIdentifier>
    </Filter>
    <Filter Include="Source Files\Entities\Powerups">
      <UniqueIdentifier>{46191a70-7f13-4fe0-8070-7f7b7f664cc6}</UniqueIdentifier>
    </Filter>
    <Filter Include="Source Files\Entities\Enviroment">
      <UniqueIdentifier>{76ccbadc-e24c-4a04-8c05-55675c19a2c6}</UniqueIdentifier>
    </Filter>
    <Filter Include="Source Files\Modules\Gameplay\Levels">
      <UniqueIdentifier>{f146998a-2a12-4f06-bccb-dee95eb05cef}</UniqueIdentifier>
    </Filter>
  </ItemGroup>
  <ItemGroup>
    <ClInclude Include="Application.h">
      <Filter>Source Files\Application</Filter>
    </ClInclude>
    <ClInclude Include="Globals.h">
      <Filter>Source Files\Application</Filter>
    </ClInclude>
    <ClInclude Include="MemLeaks.h">
      <Filter>Source Files\Application</Filter>
    </ClInclude>
    <ClInclude Include="Animation.h">
      <Filter>Source Files\Utils</Filter>
    </ClInclude>
    <ClInclude Include="p2Point.h">
      <Filter>Source Files\Utils</Filter>
    </ClInclude>
    <ClInclude Include="Particle.h">
      <Filter>Source Files\Entities</Filter>
    </ClInclude>
    <ClInclude Include="Module.h">
      <Filter>Source Files\Modules</Filter>
    </ClInclude>
    <ClInclude Include="ModuleAudio.h">
      <Filter>Source Files\Modules\Core</Filter>
    </ClInclude>
    <ClInclude Include="ModuleInput.h">
      <Filter>Source Files\Modules\Core</Filter>
    </ClInclude>
    <ClInclude Include="ModuleRender.h">
      <Filter>Source Files\Modules\Core</Filter>
    </ClInclude>
    <ClInclude Include="ModuleTextures.h">
      <Filter>Source Files\Modules\Core</Filter>
    </ClInclude>
    <ClInclude Include="ModuleWindow.h">
      <Filter>Source Files\Modules\Core</Filter>
    </ClInclude>
    <ClInclude Include="ModulePlayer.h">
      <Filter>Source Files\Modules\Gameplay</Filter>
    </ClInclude>
    <ClInclude Include="ModuleParticles.h">
      <Filter>Source Files\Modules\Core</Filter>
    </ClInclude>
    <ClInclude Include="Collider.h">
      <Filter>Source Files\Utils</Filter>
    </ClInclude>
    <ClInclude Include="ModuleCollisions.h">
      <Filter>Source Files\Modules\Core</Filter>
    </ClInclude>
    <ClInclude Include="Path.h">
      <Filter>Source Files\Utils</Filter>
    </ClInclude>
    <ClInclude Include="ModuleFadeToBlack.h">
      <Filter>Source Files\Modules\Core</Filter>
    </ClInclude>
    <ClInclude Include="ModuleFonts.h">
      <Filter>Source Files\Modules\Core</Filter>
    </ClInclude>
    <ClInclude Include="Pokapoka.h">
      <Filter>Source Files\Entities\Enemies</Filter>
    </ClInclude>
    <ClInclude Include="CoreMechaWalker.h">
      <Filter>Source Files\Entities\Enemies</Filter>
    </ClInclude>
    <ClInclude Include="Bomb.h">
      <Filter>Source Files\Entities\Enemies</Filter>
    </ClInclude>
    <ClInclude Include="Bombup.h">
      <Filter>Source Files\Entities\Powerups</Filter>
    </ClInclude>
    <ClInclude Include="Fire.h">
      <Filter>Source Files\Entities\Powerups</Filter>
    </ClInclude>
    <ClInclude Include="ModuleEntities.h">
      <Filter>Source Files\Modules\Gameplay</Filter>
    </ClInclude>
    <ClInclude Include="YellowFlower.h">
      <Filter>Source Files\Entities\Enviroment</Filter>
    </ClInclude>
    <ClInclude Include="RedFlower.h">
      <Filter>Source Files\Entities\Enviroment</Filter>
    </ClInclude>
    <ClInclude Include="Orb.h">
      <Filter>Source Files\Entities\Enviroment</Filter>
    </ClInclude>
    <ClInclude Include="MiddleStructure.h">
      <Filter>Source Files\Entities\Enviroment</Filter>
    </ClInclude>
    <ClInclude Include="Entity.h">
      <Filter>Source Files\Entities</Filter>
    </ClInclude>
    <ClInclude Include="ModuleUI.h">
      <Filter>Source Files\Modules\Gameplay</Filter>
    </ClInclude>
    <ClInclude Include="Mouse.h">
      <Filter>Source Files\Entities\Enemies</Filter>
    </ClInclude>
    <ClInclude Include="Snail.h">
      <Filter>Source Files\Entities\Enemies</Filter>
    </ClInclude>
    <ClInclude Include="ModulePowerUp.h">
      <Filter>Source Files\Modules\Gameplay</Filter>
    </ClInclude>
    <ClInclude Include="SceneLevel1.h">
      <Filter>Source Files\Modules\Gameplay\Levels</Filter>
    </ClInclude>
    <ClInclude Include="SceneLevel2.h">
      <Filter>Source Files\Modules\Gameplay\Levels</Filter>
    </ClInclude>
    <ClInclude Include="SceneLevel3.h">
      <Filter>Source Files\Modules\Gameplay\Levels</Filter>
    </ClInclude>
    <ClInclude Include="SceneIntro.h">
      <Filter>Source Files\Modules\Gameplay\Levels</Filter>
    </ClInclude>
    <ClInclude Include="ModuleLevel.h">
      <Filter>Source Files\Modules\Gameplay\Levels</Filter>
    </ClInclude>
    <ClInclude Include="SceneBossFight.h">
      <Filter>Source Files\Modules\Gameplay\Levels</Filter>
    </ClInclude>
    <ClInclude Include="SceneInit.h">
      <Filter>Source Files\Modules\Gameplay\Levels</Filter>
    </ClInclude>
    <ClInclude Include="SceneLevel3.1.h">
      <Filter>Source Files\Modules\Gameplay\Levels</Filter>
    </ClInclude>
    <ClInclude Include="SceneSelectLevel.h">
      <Filter>Source Files\Modules\Gameplay</Filter>
    </ClInclude>
  </ItemGroup>
  <ItemGroup>
    <ClCompile Include="Module.cpp">
      <Filter>Source Files\Modules</Filter>
    </ClCompile>
    <ClCompile Include="Application.cpp">
      <Filter>Source Files\Application</Filter>
    </ClCompile>
    <ClCompile Include="Main.cpp">
      <Filter>Source Files\Application</Filter>
    </ClCompile>
    <ClCompile Include="Globals.cpp">
      <Filter>Source Files\Application</Filter>
    </ClCompile>
    <ClCompile Include="Particle.cpp">
      <Filter>Source Files\Entities</Filter>
    </ClCompile>
    <ClCompile Include="ModuleAudio.cpp">
      <Filter>Source Files\Modules\Core</Filter>
    </ClCompile>
    <ClCompile Include="ModuleInput.cpp">
      <Filter>Source Files\Modules\Core</Filter>
    </ClCompile>
    <ClCompile Include="ModuleRender.cpp">
      <Filter>Source Files\Modules\Core</Filter>
    </ClCompile>
    <ClCompile Include="ModuleTextures.cpp">
      <Filter>Source Files\Modules\Core</Filter>
    </ClCompile>
    <ClCompile Include="ModuleWindow.cpp">
      <Filter>Source Files\Modules\Core</Filter>
    </ClCompile>
    <ClCompile Include="ModulePlayer.cpp">
      <Filter>Source Files\Modules\Gameplay</Filter>
    </ClCompile>
    <ClCompile Include="ModuleParticles.cpp">
      <Filter>Source Files\Modules\Core</Filter>
    </ClCompile>
    <ClCompile Include="Collider.cpp">
      <Filter>Source Files\Utils</Filter>
    </ClCompile>
    <ClCompile Include="ModuleCollisions.cpp">
      <Filter>Source Files\Modules\Core</Filter>
    </ClCompile>
    <ClCompile Include="Path.cpp">
      <Filter>Source Files\Utils</Filter>
    </ClCompile>
    <ClCompile Include="ModuleFadeToBlack.cpp">
      <Filter>Source Files\Modules\Core</Filter>
    </ClCompile>
    <ClCompile Include="ModuleFonts.cpp">
      <Filter>Source Files\Modules\Core</Filter>
    </ClCompile>
    <ClCompile Include="Pokapoka.cpp">
      <Filter>Source Files\Entities\Enemies</Filter>
    </ClCompile>
    <ClCompile Include="CoreMechaWalker.cpp">
      <Filter>Source Files\Entities\Enemies</Filter>
    </ClCompile>
    <ClCompile Include="Bomb.cpp">
      <Filter>Source Files\Entities\Enemies</Filter>
    </ClCompile>
    <ClCompile Include="Bombup.cpp">
      <Filter>Source Files\Entities\Powerups</Filter>
    </ClCompile>
    <ClCompile Include="Fire.cpp">
      <Filter>Source Files\Entities\Powerups</Filter>
    </ClCompile>
    <ClCompile Include="ModuleEntities.cpp">
      <Filter>Source Files\Modules\Gameplay</Filter>
    </ClCompile>
    <ClCompile Include="YellowFlower.cpp">
      <Filter>Source Files\Entities\Enviroment</Filter>
    </ClCompile>
    <ClCompile Include="RedFlower.cpp">
      <Filter>Source Files\Entities\Enviroment</Filter>
    </ClCompile>
    <ClCompile Include="Orb.cpp">
      <Filter>Source Files\Entities\Enviroment</Filter>
    </ClCompile>
    <ClCompile Include="MiddleStructure.cpp">
      <Filter>Source Files\Entities\Enviroment</Filter>
    </ClCompile>
    <ClCompile Include="Entity.cpp">
      <Filter>Source Files\Entities</Filter>
    </ClCompile>
    <ClCompile Include="ModuleUI.cpp">
      <Filter>Source Files\Modules\Gameplay</Filter>
    </ClCompile>
    <ClCompile Include="Mouse.cpp">
      <Filter>Source Files\Entities\Enemies</Filter>
    </ClCompile>
    <ClCompile Include="Snail.cpp">
      <Filter>Source Files\Entities\Enemies</Filter>
    </ClCompile>
    <ClCompile Include="ModulePowerUp.cpp">
      <Filter>Source Files\Modules\Gameplay</Filter>
    </ClCompile>
    <ClCompile Include="SceneLevel1.cpp">
      <Filter>Source Files\Modules\Gameplay\Levels</Filter>
    </ClCompile>
    <ClCompile Include="SceneLevel2.cpp">
      <Filter>Source Files\Modules\Gameplay\Levels</Filter>
    </ClCompile>
    <ClCompile Include="SceneLevel3.cpp">
      <Filter>Source Files\Modules\Gameplay\Levels</Filter>
    </ClCompile>
    <ClCompile Include="SceneIntro.cpp">
      <Filter>Source Files\Modules\Gameplay\Levels</Filter>
    </ClCompile>
    <ClCompile Include="ModuleLevel.cpp">
      <Filter>Source Files\Modules\Gameplay\Levels</Filter>
    </ClCompile>
    <ClCompile Include="SceneBossFight.cpp">
      <Filter>Source Files\Modules\Gameplay\Levels</Filter>
    </ClCompile>
    <ClCompile Include="SceneInit.cpp">
      <Filter>Source Files\Modules\Gameplay\Levels</Filter>
    </ClCompile>
    <ClCompile Include="SceneLevel3.1.cpp">
      <Filter>Source Files\Modules\Gameplay\Levels</Filter>
    </ClCompile>
    <ClCompile Include="SceneSelectLevel.cpp">
      <Filter>Source Files\Modules\Gameplay</Filter>
    </ClCompile>
  </ItemGroup>
</Project>